
Microsoft Visual Studio Solution File, Format Version 12.00
Project("{FAE04EC0-301F-11D3-BF4B-00C04F79EFBC}") = "sistema-de-ponto", "sistema-de-ponto\sistema-de-ponto.csproj", "{FAB12314-9587-47B3-ABC8-529758340BA7}"
EndProject
Global
	GlobalSection(SolutionConfigurationPlatforms) = preSolution
		Debug|Any CPU = Debug|Any CPU
		Release|Any CPU = Release|Any CPU
	EndGlobalSection
	GlobalSection(ProjectConfigurationPlatforms) = postSolution
		{FAB12314-9587-47B3-ABC8-529758340BA7}.Debug|Any CPU.ActiveCfg = Debug|Any CPU
		{FAB12314-9587-47B3-ABC8-529758340BA7}.Debug|Any CPU.Build.0 = Debug|Any CPU
		{FAB12314-9587-47B3-ABC8-529758340BA7}.Release|Any CPU.ActiveCfg = Release|Any CPU
		{FAB12314-9587-47B3-ABC8-529758340BA7}.Release|Any CPU.Build.0 = Release|Any CPU
	EndGlobalSection
EndGlobal
